// !$*UTF8*$!
{
	archiveVersion = 1;
	classes = {
	};
	objectVersion = 46;
	objects = {

/* Begin PBXBuildFile section */
		70C350D91E6807AE00A10D9C /* main.m in Sources */ = {isa = PBXBuildFile; fileRef = 70C350D81E6807AE00A10D9C /* main.m */; };
		70C350DC1E6807AE00A10D9C /* AppDelegate.m in Sources */ = {isa = PBXBuildFile; fileRef = 70C350DB1E6807AE00A10D9C /* AppDelegate.m */; };
		70C350DF1E6807AE00A10D9C /* IAViewController.m in Sources */ = {isa = PBXBuildFile; fileRef = 70C350DE1E6807AE00A10D9C /* IAViewController.m */; };
		70C350E21E6807AE00A10D9C /* Main.storyboard in Resources */ = {isa = PBXBuildFile; fileRef = 70C350E01E6807AE00A10D9C /* Main.storyboard */; };
		70C350E41E6807AE00A10D9C /* Assets.xcassets in Resources */ = {isa = PBXBuildFile; fileRef = 70C350E31E6807AE00A10D9C /* Assets.xcassets */; };
		70C350E71E6807AE00A10D9C /* LaunchScreen.storyboard in Resources */ = {isa = PBXBuildFile; fileRef = 70C350E51E6807AE00A10D9C /* LaunchScreen.storyboard */; };
		70C350F01E68491C00A10D9C /* IANewTaskViewController.m in Sources */ = {isa = PBXBuildFile; fileRef = 70C350EF1E68491C00A10D9C /* IANewTaskViewController.m */; };
		70C350F31E6849FB00A10D9C /* IATaskViewController.m in Sources */ = {isa = PBXBuildFile; fileRef = 70C350F21E6849FB00A10D9C /* IATaskViewController.m */; };
		70C3514C1E6A9D0C00A10D9C /* AFAutoPurgingImageCache.m in Sources */ = {isa = PBXBuildFile; fileRef = 70C351391E6A9D0C00A10D9C /* AFAutoPurgingImageCache.m */; };
		70C3514D1E6A9D0C00A10D9C /* AFImageDownloader.m in Sources */ = {isa = PBXBuildFile; fileRef = 70C3513B1E6A9D0C00A10D9C /* AFImageDownloader.m */; };
		70C3514E1E6A9D0C00A10D9C /* AFNetworkActivityIndicatorManager.m in Sources */ = {isa = PBXBuildFile; fileRef = 70C3513D1E6A9D0C00A10D9C /* AFNetworkActivityIndicatorManager.m */; };
		70C3514F1E6A9D0C00A10D9C /* UIActivityIndicatorView+AFNetworking.m in Sources */ = {isa = PBXBuildFile; fileRef = 70C3513F1E6A9D0C00A10D9C /* UIActivityIndicatorView+AFNetworking.m */; };
		70C351501E6A9D0C00A10D9C /* UIButton+AFNetworking.m in Sources */ = {isa = PBXBuildFile; fileRef = 70C351411E6A9D0C00A10D9C /* UIButton+AFNetworking.m */; };
		70C351511E6A9D0C00A10D9C /* UIImageView+AFNetworking.m in Sources */ = {isa = PBXBuildFile; fileRef = 70C351441E6A9D0C00A10D9C /* UIImageView+AFNetworking.m */; };
		70C351521E6A9D0C00A10D9C /* UIProgressView+AFNetworking.m in Sources */ = {isa = PBXBuildFile; fileRef = 70C351471E6A9D0C00A10D9C /* UIProgressView+AFNetworking.m */; };
		70C351531E6A9D0C00A10D9C /* UIRefreshControl+AFNetworking.m in Sources */ = {isa = PBXBuildFile; fileRef = 70C351491E6A9D0C00A10D9C /* UIRefreshControl+AFNetworking.m */; };
		70C351541E6A9D0C00A10D9C /* UIWebView+AFNetworking.m in Sources */ = {isa = PBXBuildFile; fileRef = 70C3514B1E6A9D0C00A10D9C /* UIWebView+AFNetworking.m */; };
		70C351621E6AAD4800A10D9C /* AFHTTPSessionManager.m in Sources */ = {isa = PBXBuildFile; fileRef = 70C351571E6AAD4800A10D9C /* AFHTTPSessionManager.m */; };
		70C351631E6AAD4800A10D9C /* AFNetworkReachabilityManager.m in Sources */ = {isa = PBXBuildFile; fileRef = 70C351591E6AAD4800A10D9C /* AFNetworkReachabilityManager.m */; };
		70C351641E6AAD4800A10D9C /* AFSecurityPolicy.m in Sources */ = {isa = PBXBuildFile; fileRef = 70C3515B1E6AAD4800A10D9C /* AFSecurityPolicy.m */; };
		70C351651E6AAD4800A10D9C /* AFURLRequestSerialization.m in Sources */ = {isa = PBXBuildFile; fileRef = 70C3515D1E6AAD4800A10D9C /* AFURLRequestSerialization.m */; };
		70C351661E6AAD4800A10D9C /* AFURLResponseSerialization.m in Sources */ = {isa = PBXBuildFile; fileRef = 70C3515F1E6AAD4800A10D9C /* AFURLResponseSerialization.m */; };
		70C351671E6AAD4800A10D9C /* AFURLSessionManager.m in Sources */ = {isa = PBXBuildFile; fileRef = 70C351611E6AAD4800A10D9C /* AFURLSessionManager.m */; };
		70C3516A1E6C847E00A10D9C /* MJRefresh.bundle in Resources */ = {isa = PBXBuildFile; fileRef = 70C351691E6C847E00A10D9C /* MJRefresh.bundle */; };
		70C351791E6C860A00A10D9C /* MJRefreshConst.m in Sources */ = {isa = PBXBuildFile; fileRef = 70C351701E6C860A00A10D9C /* MJRefreshConst.m */; };
		70C3517A1E6C860A00A10D9C /* UIScrollView+MJExtension.m in Sources */ = {isa = PBXBuildFile; fileRef = 70C351721E6C860A00A10D9C /* UIScrollView+MJExtension.m */; };
		70C3517B1E6C860A00A10D9C /* UIScrollView+MJRefresh.m in Sources */ = {isa = PBXBuildFile; fileRef = 70C351741E6C860A00A10D9C /* UIScrollView+MJRefresh.m */; };
		70C3517C1E6C860A00A10D9C /* UIView+MJExtension.m in Sources */ = {isa = PBXBuildFile; fileRef = 70C351761E6C860A00A10D9C /* UIView+MJExtension.m */; };
		70C3517D1E6C860A00A10D9C /* NSBundle+MJRefresh.m in Sources */ = {isa = PBXBuildFile; fileRef = 70C351781E6C860A00A10D9C /* NSBundle+MJRefresh.m */; };
		70C351881E6C861B00A10D9C /* MJRefreshAutoFooter.m in Sources */ = {isa = PBXBuildFile; fileRef = 70C3517F1E6C861B00A10D9C /* MJRefreshAutoFooter.m */; };
		70C351891E6C861B00A10D9C /* MJRefreshBackFooter.m in Sources */ = {isa = PBXBuildFile; fileRef = 70C351811E6C861B00A10D9C /* MJRefreshBackFooter.m */; };
		70C3518A1E6C861B00A10D9C /* MJRefreshComponent.m in Sources */ = {isa = PBXBuildFile; fileRef = 70C351831E6C861B00A10D9C /* MJRefreshComponent.m */; };
		70C3518B1E6C861B00A10D9C /* MJRefreshFooter.m in Sources */ = {isa = PBXBuildFile; fileRef = 70C351851E6C861B00A10D9C /* MJRefreshFooter.m */; };
		70C3518C1E6C861B00A10D9C /* MJRefreshHeader.m in Sources */ = {isa = PBXBuildFile; fileRef = 70C351871E6C861B00A10D9C /* MJRefreshHeader.m */; };
		70C351971E6C867D00A10D9C /* MJRefreshGifHeader.m in Sources */ = {isa = PBXBuildFile; fileRef = 70C351921E6C867D00A10D9C /* MJRefreshGifHeader.m */; };
		70C351981E6C867D00A10D9C /* MJRefreshNormalHeader.m in Sources */ = {isa = PBXBuildFile; fileRef = 70C351941E6C867D00A10D9C /* MJRefreshNormalHeader.m */; };
		70C351991E6C867D00A10D9C /* MJRefreshStateHeader.m in Sources */ = {isa = PBXBuildFile; fileRef = 70C351961E6C867D00A10D9C /* MJRefreshStateHeader.m */; };
		70C351A01E6C868D00A10D9C /* MJRefreshAutoGifFooter.m in Sources */ = {isa = PBXBuildFile; fileRef = 70C3519B1E6C868D00A10D9C /* MJRefreshAutoGifFooter.m */; };
		70C351A11E6C868D00A10D9C /* MJRefreshAutoNormalFooter.m in Sources */ = {isa = PBXBuildFile; fileRef = 70C3519D1E6C868D00A10D9C /* MJRefreshAutoNormalFooter.m */; };
		70C351A21E6C868D00A10D9C /* MJRefreshAutoStateFooter.m in Sources */ = {isa = PBXBuildFile; fileRef = 70C3519F1E6C868D00A10D9C /* MJRefreshAutoStateFooter.m */; };
		70C351A91E6C869700A10D9C /* MJRefreshBackGifFooter.m in Sources */ = {isa = PBXBuildFile; fileRef = 70C351A41E6C869700A10D9C /* MJRefreshBackGifFooter.m */; };
		70C351AA1E6C869700A10D9C /* MJRefreshBackNormalFooter.m in Sources */ = {isa = PBXBuildFile; fileRef = 70C351A61E6C869700A10D9C /* MJRefreshBackNormalFooter.m */; };
		70C351AB1E6C869700A10D9C /* MJRefreshBackStateFooter.m in Sources */ = {isa = PBXBuildFile; fileRef = 70C351A81E6C869700A10D9C /* MJRefreshBackStateFooter.m */; };
/* End PBXBuildFile section */

/* Begin PBXFileReference section */
		70C350D41E6807AE00A10D9C /* openredios.app */ = {isa = PBXFileReference; explicitFileType = wrapper.application; includeInIndex = 0; path = openredios.app; sourceTree = BUILT_PRODUCTS_DIR; };
		70C350D81E6807AE00A10D9C /* main.m */ = {isa = PBXFileReference; lastKnownFileType = sourcecode.c.objc; path = main.m; sourceTree = "<group>"; };
		70C350DA1E6807AE00A10D9C /* AppDelegate.h */ = {isa = PBXFileReference; lastKnownFileType = sourcecode.c.h; path = AppDelegate.h; sourceTree = "<group>"; };
		70C350DB1E6807AE00A10D9C /* AppDelegate.m */ = {isa = PBXFileReference; lastKnownFileType = sourcecode.c.objc; path = AppDelegate.m; sourceTree = "<group>"; };
		70C350DD1E6807AE00A10D9C /* IAViewController.h */ = {isa = PBXFileReference; lastKnownFileType = sourcecode.c.h; path = IAViewController.h; sourceTree = "<group>"; };
		70C350DE1E6807AE00A10D9C /* IAViewController.m */ = {isa = PBXFileReference; lastKnownFileType = sourcecode.c.objc; path = IAViewController.m; sourceTree = "<group>"; };
		70C350E11E6807AE00A10D9C /* Base */ = {isa = PBXFileReference; lastKnownFileType = file.storyboard; name = Base; path = Base.lproj/Main.storyboard; sourceTree = "<group>"; };
		70C350E31E6807AE00A10D9C /* Assets.xcassets */ = {isa = PBXFileReference; lastKnownFileType = folder.assetcatalog; path = Assets.xcassets; sourceTree = "<group>"; };
		70C350E61E6807AE00A10D9C /* Base */ = {isa = PBXFileReference; lastKnownFileType = file.storyboard; name = Base; path = Base.lproj/LaunchScreen.storyboard; sourceTree = "<group>"; };
		70C350E81E6807AE00A10D9C /* Info.plist */ = {isa = PBXFileReference; lastKnownFileType = text.plist.xml; path = Info.plist; sourceTree = "<group>"; };
		70C350EE1E68491C00A10D9C /* IANewTaskViewController.h */ = {isa = PBXFileReference; fileEncoding = 4; lastKnownFileType = sourcecode.c.h; path = IANewTaskViewController.h; sourceTree = "<group>"; };
		70C350EF1E68491C00A10D9C /* IANewTaskViewController.m */ = {isa = PBXFileReference; fileEncoding = 4; lastKnownFileType = sourcecode.c.objc; path = IANewTaskViewController.m; sourceTree = "<group>"; };
		70C350F11E6849FB00A10D9C /* IATaskViewController.h */ = {isa = PBXFileReference; fileEncoding = 4; lastKnownFileType = sourcecode.c.h; path = IATaskViewController.h; sourceTree = "<group>"; };
		70C350F21E6849FB00A10D9C /* IATaskViewController.m */ = {isa = PBXFileReference; fileEncoding = 4; lastKnownFileType = sourcecode.c.objc; path = IATaskViewController.m; sourceTree = "<group>"; };
		70C351381E6A9D0C00A10D9C /* AFAutoPurgingImageCache.h */ = {isa = PBXFileReference; fileEncoding = 4; lastKnownFileType = sourcecode.c.h; path = AFAutoPurgingImageCache.h; sourceTree = "<group>"; };
		70C351391E6A9D0C00A10D9C /* AFAutoPurgingImageCache.m */ = {isa = PBXFileReference; fileEncoding = 4; lastKnownFileType = sourcecode.c.objc; path = AFAutoPurgingImageCache.m; sourceTree = "<group>"; };
		70C3513A1E6A9D0C00A10D9C /* AFImageDownloader.h */ = {isa = PBXFileReference; fileEncoding = 4; lastKnownFileType = sourcecode.c.h; path = AFImageDownloader.h; sourceTree = "<group>"; };
		70C3513B1E6A9D0C00A10D9C /* AFImageDownloader.m */ = {isa = PBXFileReference; fileEncoding = 4; lastKnownFileType = sourcecode.c.objc; path = AFImageDownloader.m; sourceTree = "<group>"; };
		70C3513C1E6A9D0C00A10D9C /* AFNetworkActivityIndicatorManager.h */ = {isa = PBXFileReference; fileEncoding = 4; lastKnownFileType = sourcecode.c.h; path = AFNetworkActivityIndicatorManager.h; sourceTree = "<group>"; };
		70C3513D1E6A9D0C00A10D9C /* AFNetworkActivityIndicatorManager.m */ = {isa = PBXFileReference; fileEncoding = 4; lastKnownFileType = sourcecode.c.objc; path = AFNetworkActivityIndicatorManager.m; sourceTree = "<group>"; };
		70C3513E1E6A9D0C00A10D9C /* UIActivityIndicatorView+AFNetworking.h */ = {isa = PBXFileReference; fileEncoding = 4; lastKnownFileType = sourcecode.c.h; path = "UIActivityIndicatorView+AFNetworking.h"; sourceTree = "<group>"; };
		70C3513F1E6A9D0C00A10D9C /* UIActivityIndicatorView+AFNetworking.m */ = {isa = PBXFileReference; fileEncoding = 4; lastKnownFileType = sourcecode.c.objc; path = "UIActivityIndicatorView+AFNetworking.m"; sourceTree = "<group>"; };
		70C351401E6A9D0C00A10D9C /* UIButton+AFNetworking.h */ = {isa = PBXFileReference; fileEncoding = 4; lastKnownFileType = sourcecode.c.h; path = "UIButton+AFNetworking.h"; sourceTree = "<group>"; };
		70C351411E6A9D0C00A10D9C /* UIButton+AFNetworking.m */ = {isa = PBXFileReference; fileEncoding = 4; lastKnownFileType = sourcecode.c.objc; path = "UIButton+AFNetworking.m"; sourceTree = "<group>"; };
		70C351421E6A9D0C00A10D9C /* UIImage+AFNetworking.h */ = {isa = PBXFileReference; fileEncoding = 4; lastKnownFileType = sourcecode.c.h; path = "UIImage+AFNetworking.h"; sourceTree = "<group>"; };
		70C351431E6A9D0C00A10D9C /* UIImageView+AFNetworking.h */ = {isa = PBXFileReference; fileEncoding = 4; lastKnownFileType = sourcecode.c.h; path = "UIImageView+AFNetworking.h"; sourceTree = "<group>"; };
		70C351441E6A9D0C00A10D9C /* UIImageView+AFNetworking.m */ = {isa = PBXFileReference; fileEncoding = 4; lastKnownFileType = sourcecode.c.objc; path = "UIImageView+AFNetworking.m"; sourceTree = "<group>"; };
		70C351451E6A9D0C00A10D9C /* UIKit+AFNetworking.h */ = {isa = PBXFileReference; fileEncoding = 4; lastKnownFileType = sourcecode.c.h; path = "UIKit+AFNetworking.h"; sourceTree = "<group>"; };
		70C351461E6A9D0C00A10D9C /* UIProgressView+AFNetworking.h */ = {isa = PBXFileReference; fileEncoding = 4; lastKnownFileType = sourcecode.c.h; path = "UIProgressView+AFNetworking.h"; sourceTree = "<group>"; };
		70C351471E6A9D0C00A10D9C /* UIProgressView+AFNetworking.m */ = {isa = PBXFileReference; fileEncoding = 4; lastKnownFileType = sourcecode.c.objc; path = "UIProgressView+AFNetworking.m"; sourceTree = "<group>"; };
		70C351481E6A9D0C00A10D9C /* UIRefreshControl+AFNetworking.h */ = {isa = PBXFileReference; fileEncoding = 4; lastKnownFileType = sourcecode.c.h; path = "UIRefreshControl+AFNetworking.h"; sourceTree = "<group>"; };
		70C351491E6A9D0C00A10D9C /* UIRefreshControl+AFNetworking.m */ = {isa = PBXFileReference; fileEncoding = 4; lastKnownFileType = sourcecode.c.objc; path = "UIRefreshControl+AFNetworking.m"; sourceTree = "<group>"; };
		70C3514A1E6A9D0C00A10D9C /* UIWebView+AFNetworking.h */ = {isa = PBXFileReference; fileEncoding = 4; lastKnownFileType = sourcecode.c.h; path = "UIWebView+AFNetworking.h"; sourceTree = "<group>"; };
		70C3514B1E6A9D0C00A10D9C /* UIWebView+AFNetworking.m */ = {isa = PBXFileReference; fileEncoding = 4; lastKnownFileType = sourcecode.c.objc; path = "UIWebView+AFNetworking.m"; sourceTree = "<group>"; };
		70C351561E6AAD4800A10D9C /* AFHTTPSessionManager.h */ = {isa = PBXFileReference; fileEncoding = 4; lastKnownFileType = sourcecode.c.h; path = AFHTTPSessionManager.h; sourceTree = "<group>"; };
		70C351571E6AAD4800A10D9C /* AFHTTPSessionManager.m */ = {isa = PBXFileReference; fileEncoding = 4; lastKnownFileType = sourcecode.c.objc; path = AFHTTPSessionManager.m; sourceTree = "<group>"; };
		70C351581E6AAD4800A10D9C /* AFNetworkReachabilityManager.h */ = {isa = PBXFileReference; fileEncoding = 4; lastKnownFileType = sourcecode.c.h; path = AFNetworkReachabilityManager.h; sourceTree = "<group>"; };
		70C351591E6AAD4800A10D9C /* AFNetworkReachabilityManager.m */ = {isa = PBXFileReference; fileEncoding = 4; lastKnownFileType = sourcecode.c.objc; path = AFNetworkReachabilityManager.m; sourceTree = "<group>"; };
		70C3515A1E6AAD4800A10D9C /* AFSecurityPolicy.h */ = {isa = PBXFileReference; fileEncoding = 4; lastKnownFileType = sourcecode.c.h; path = AFSecurityPolicy.h; sourceTree = "<group>"; };
		70C3515B1E6AAD4800A10D9C /* AFSecurityPolicy.m */ = {isa = PBXFileReference; fileEncoding = 4; lastKnownFileType = sourcecode.c.objc; path = AFSecurityPolicy.m; sourceTree = "<group>"; };
		70C3515C1E6AAD4800A10D9C /* AFURLRequestSerialization.h */ = {isa = PBXFileReference; fileEncoding = 4; lastKnownFileType = sourcecode.c.h; path = AFURLRequestSerialization.h; sourceTree = "<group>"; };
		70C3515D1E6AAD4800A10D9C /* AFURLRequestSerialization.m */ = {isa = PBXFileReference; fileEncoding = 4; lastKnownFileType = sourcecode.c.objc; path = AFURLRequestSerialization.m; sourceTree = "<group>"; };
		70C3515E1E6AAD4800A10D9C /* AFURLResponseSerialization.h */ = {isa = PBXFileReference; fileEncoding = 4; lastKnownFileType = sourcecode.c.h; path = AFURLResponseSerialization.h; sourceTree = "<group>"; };
		70C3515F1E6AAD4800A10D9C /* AFURLResponseSerialization.m */ = {isa = PBXFileReference; fileEncoding = 4; lastKnownFileType = sourcecode.c.objc; path = AFURLResponseSerialization.m; sourceTree = "<group>"; };
		70C351601E6AAD4800A10D9C /* AFURLSessionManager.h */ = {isa = PBXFileReference; fileEncoding = 4; lastKnownFileType = sourcecode.c.h; path = AFURLSessionManager.h; sourceTree = "<group>"; };
		70C351611E6AAD4800A10D9C /* AFURLSessionManager.m */ = {isa = PBXFileReference; fileEncoding = 4; lastKnownFileType = sourcecode.c.objc; path = AFURLSessionManager.m; sourceTree = "<group>"; };
		70C351681E6AAE4500A10D9C /* AFNetworking.h */ = {isa = PBXFileReference; lastKnownFileType = sourcecode.c.h; path = AFNetworking.h; sourceTree = "<group>"; };
		70C351691E6C847E00A10D9C /* MJRefresh.bundle */ = {isa = PBXFileReference; lastKnownFileType = "wrapper.plug-in"; path = MJRefresh.bundle; sourceTree = "<group>"; };
		70C3516E1E6C860A00A10D9C /* MJRefresh.h */ = {isa = PBXFileReference; fileEncoding = 4; lastKnownFileType = sourcecode.c.h; path = MJRefresh.h; sourceTree = "<group>"; };
		70C3516F1E6C860A00A10D9C /* MJRefreshConst.h */ = {isa = PBXFileReference; fileEncoding = 4; lastKnownFileType = sourcecode.c.h; path = MJRefreshConst.h; sourceTree = "<group>"; };
		70C351701E6C860A00A10D9C /* MJRefreshConst.m */ = {isa = PBXFileReference; fileEncoding = 4; lastKnownFileType = sourcecode.c.objc; path = MJRefreshConst.m; sourceTree = "<group>"; };
		70C351711E6C860A00A10D9C /* UIScrollView+MJExtension.h */ = {isa = PBXFileReference; fileEncoding = 4; lastKnownFileType = sourcecode.c.h; path = "UIScrollView+MJExtension.h"; sourceTree = "<group>"; };
		70C351721E6C860A00A10D9C /* UIScrollView+MJExtension.m */ = {isa = PBXFileReference; fileEncoding = 4; lastKnownFileType = sourcecode.c.objc; path = "UIScrollView+MJExtension.m"; sourceTree = "<group>"; };
		70C351731E6C860A00A10D9C /* UIScrollView+MJRefresh.h */ = {isa = PBXFileReference; fileEncoding = 4; lastKnownFileType = sourcecode.c.h; path = "UIScrollView+MJRefresh.h"; sourceTree = "<group>"; };
		70C351741E6C860A00A10D9C /* UIScrollView+MJRefresh.m */ = {isa = PBXFileReference; fileEncoding = 4; lastKnownFileType = sourcecode.c.objc; path = "UIScrollView+MJRefresh.m"; sourceTree = "<group>"; };
		70C351751E6C860A00A10D9C /* UIView+MJExtension.h */ = {isa = PBXFileReference; fileEncoding = 4; lastKnownFileType = sourcecode.c.h; path = "UIView+MJExtension.h"; sourceTree = "<group>"; };
		70C351761E6C860A00A10D9C /* UIView+MJExtension.m */ = {isa = PBXFileReference; fileEncoding = 4; lastKnownFileType = sourcecode.c.objc; path = "UIView+MJExtension.m"; sourceTree = "<group>"; };
		70C351771E6C860A00A10D9C /* NSBundle+MJRefresh.h */ = {isa = PBXFileReference; fileEncoding = 4; lastKnownFileType = sourcecode.c.h; path = "NSBundle+MJRefresh.h"; sourceTree = "<group>"; };
		70C351781E6C860A00A10D9C /* NSBundle+MJRefresh.m */ = {isa = PBXFileReference; fileEncoding = 4; lastKnownFileType = sourcecode.c.objc; path = "NSBundle+MJRefresh.m"; sourceTree = "<group>"; };
		70C3517E1E6C861B00A10D9C /* MJRefreshAutoFooter.h */ = {isa = PBXFileReference; fileEncoding = 4; lastKnownFileType = sourcecode.c.h; path = MJRefreshAutoFooter.h; sourceTree = "<group>"; };
		70C3517F1E6C861B00A10D9C /* MJRefreshAutoFooter.m */ = {isa = PBXFileReference; fileEncoding = 4; lastKnownFileType = sourcecode.c.objc; path = MJRefreshAutoFooter.m; sourceTree = "<group>"; };
		70C351801E6C861B00A10D9C /* MJRefreshBackFooter.h */ = {isa = PBXFileReference; fileEncoding = 4; lastKnownFileType = sourcecode.c.h; path = MJRefreshBackFooter.h; sourceTree = "<group>"; };
		70C351811E6C861B00A10D9C /* MJRefreshBackFooter.m */ = {isa = PBXFileReference; fileEncoding = 4; lastKnownFileType = sourcecode.c.objc; path = MJRefreshBackFooter.m; sourceTree = "<group>"; };
		70C351821E6C861B00A10D9C /* MJRefreshComponent.h */ = {isa = PBXFileReference; fileEncoding = 4; lastKnownFileType = sourcecode.c.h; path = MJRefreshComponent.h; sourceTree = "<group>"; };
		70C351831E6C861B00A10D9C /* MJRefreshComponent.m */ = {isa = PBXFileReference; fileEncoding = 4; lastKnownFileType = sourcecode.c.objc; path = MJRefreshComponent.m; sourceTree = "<group>"; };
		70C351841E6C861B00A10D9C /* MJRefreshFooter.h */ = {isa = PBXFileReference; fileEncoding = 4; lastKnownFileType = sourcecode.c.h; path = MJRefreshFooter.h; sourceTree = "<group>"; };
		70C351851E6C861B00A10D9C /* MJRefreshFooter.m */ = {isa = PBXFileReference; fileEncoding = 4; lastKnownFileType = sourcecode.c.objc; path = MJRefreshFooter.m; sourceTree = "<group>"; };
		70C351861E6C861B00A10D9C /* MJRefreshHeader.h */ = {isa = PBXFileReference; fileEncoding = 4; lastKnownFileType = sourcecode.c.h; path = MJRefreshHeader.h; sourceTree = "<group>"; };
		70C351871E6C861B00A10D9C /* MJRefreshHeader.m */ = {isa = PBXFileReference; fileEncoding = 4; lastKnownFileType = sourcecode.c.objc; path = MJRefreshHeader.m; sourceTree = "<group>"; };
		70C351911E6C867D00A10D9C /* MJRefreshGifHeader.h */ = {isa = PBXFileReference; fileEncoding = 4; lastKnownFileType = sourcecode.c.h; path = MJRefreshGifHeader.h; sourceTree = "<group>"; };
		70C351921E6C867D00A10D9C /* MJRefreshGifHeader.m */ = {isa = PBXFileReference; fileEncoding = 4; lastKnownFileType = sourcecode.c.objc; path = MJRefreshGifHeader.m; sourceTree = "<group>"; };
		70C351931E6C867D00A10D9C /* MJRefreshNormalHeader.h */ = {isa = PBXFileReference; fileEncoding = 4; lastKnownFileType = sourcecode.c.h; path = MJRefreshNormalHeader.h; sourceTree = "<group>"; };
		70C351941E6C867D00A10D9C /* MJRefreshNormalHeader.m */ = {isa = PBXFileReference; fileEncoding = 4; lastKnownFileType = sourcecode.c.objc; path = MJRefreshNormalHeader.m; sourceTree = "<group>"; };
		70C351951E6C867D00A10D9C /* MJRefreshStateHeader.h */ = {isa = PBXFileReference; fileEncoding = 4; lastKnownFileType = sourcecode.c.h; path = MJRefreshStateHeader.h; sourceTree = "<group>"; };
		70C351961E6C867D00A10D9C /* MJRefreshStateHeader.m */ = {isa = PBXFileReference; fileEncoding = 4; lastKnownFileType = sourcecode.c.objc; path = MJRefreshStateHeader.m; sourceTree = "<group>"; };
		70C3519A1E6C868D00A10D9C /* MJRefreshAutoGifFooter.h */ = {isa = PBXFileReference; fileEncoding = 4; lastKnownFileType = sourcecode.c.h; path = MJRefreshAutoGifFooter.h; sourceTree = "<group>"; };
		70C3519B1E6C868D00A10D9C /* MJRefreshAutoGifFooter.m */ = {isa = PBXFileReference; fileEncoding = 4; lastKnownFileType = sourcecode.c.objc; path = MJRefreshAutoGifFooter.m; sourceTree = "<group>"; };
		70C3519C1E6C868D00A10D9C /* MJRefreshAutoNormalFooter.h */ = {isa = PBXFileReference; fileEncoding = 4; lastKnownFileType = sourcecode.c.h; path = MJRefreshAutoNormalFooter.h; sourceTree = "<group>"; };
		70C3519D1E6C868D00A10D9C /* MJRefreshAutoNormalFooter.m */ = {isa = PBXFileReference; fileEncoding = 4; lastKnownFileType = sourcecode.c.objc; path = MJRefreshAutoNormalFooter.m; sourceTree = "<group>"; };
		70C3519E1E6C868D00A10D9C /* MJRefreshAutoStateFooter.h */ = {isa = PBXFileReference; fileEncoding = 4; lastKnownFileType = sourcecode.c.h; path = MJRefreshAutoStateFooter.h; sourceTree = "<group>"; };
		70C3519F1E6C868D00A10D9C /* MJRefreshAutoStateFooter.m */ = {isa = PBXFileReference; fileEncoding = 4; lastKnownFileType = sourcecode.c.objc; path = MJRefreshAutoStateFooter.m; sourceTree = "<group>"; };
		70C351A31E6C869700A10D9C /* MJRefreshBackGifFooter.h */ = {isa = PBXFileReference; fileEncoding = 4; lastKnownFileType = sourcecode.c.h; path = MJRefreshBackGifFooter.h; sourceTree = "<group>"; };
		70C351A41E6C869700A10D9C /* MJRefreshBackGifFooter.m */ = {isa = PBXFileReference; fileEncoding = 4; lastKnownFileType = sourcecode.c.objc; path = MJRefreshBackGifFooter.m; sourceTree = "<group>"; };
		70C351A51E6C869700A10D9C /* MJRefreshBackNormalFooter.h */ = {isa = PBXFileReference; fileEncoding = 4; lastKnownFileType = sourcecode.c.h; path = MJRefreshBackNormalFooter.h; sourceTree = "<group>"; };
		70C351A61E6C869700A10D9C /* MJRefreshBackNormalFooter.m */ = {isa = PBXFileReference; fileEncoding = 4; lastKnownFileType = sourcecode.c.objc; path = MJRefreshBackNormalFooter.m; sourceTree = "<group>"; };
		70C351A71E6C869700A10D9C /* MJRefreshBackStateFooter.h */ = {isa = PBXFileReference; fileEncoding = 4; lastKnownFileType = sourcecode.c.h; path = MJRefreshBackStateFooter.h; sourceTree = "<group>"; };
		70C351A81E6C869700A10D9C /* MJRefreshBackStateFooter.m */ = {isa = PBXFileReference; fileEncoding = 4; lastKnownFileType = sourcecode.c.objc; path = MJRefreshBackStateFooter.m; sourceTree = "<group>"; };
/* End PBXFileReference section */

/* Begin PBXFrameworksBuildPhase section */
		70C350D11E6807AE00A10D9C /* Frameworks */ = {
			isa = PBXFrameworksBuildPhase;
			buildActionMask = 2147483647;
			files = (
			);
			runOnlyForDeploymentPostprocessing = 0;
		};
/* End PBXFrameworksBuildPhase section */

/* Begin PBXGroup section */
		70C350CB1E6807AE00A10D9C = {
			isa = PBXGroup;
			children = (
				70C3516B1E6C857400A10D9C /* MJRefresh */,
				70C351551E6AACE600A10D9C /* AFNetworking */,
				70C351371E6A9AB000A10D9C /* UKit+AFNetworking */,
				70C350D61E6807AE00A10D9C /* openredios */,
				70C350D51E6807AE00A10D9C /* Products */,
			);
			sourceTree = "<group>";
		};
		70C350D51E6807AE00A10D9C /* Products */ = {
			isa = PBXGroup;
			children = (
				70C350D41E6807AE00A10D9C /* openredios.app */,
			);
			name = Products;
			sourceTree = "<group>";
		};
		70C350D61E6807AE00A10D9C /* openredios */ = {
			isa = PBXGroup;
			children = (
				70C350DA1E6807AE00A10D9C /* AppDelegate.h */,
				70C350DB1E6807AE00A10D9C /* AppDelegate.m */,
				70C350DD1E6807AE00A10D9C /* IAViewController.h */,
				70C350DE1E6807AE00A10D9C /* IAViewController.m */,
				70C350EE1E68491C00A10D9C /* IANewTaskViewController.h */,
				70C350EF1E68491C00A10D9C /* IANewTaskViewController.m */,
				70C350F11E6849FB00A10D9C /* IATaskViewController.h */,
				70C350F21E6849FB00A10D9C /* IATaskViewController.m */,
				70C350E01E6807AE00A10D9C /* Main.storyboard */,
				70C350E31E6807AE00A10D9C /* Assets.xcassets */,
				70C350E51E6807AE00A10D9C /* LaunchScreen.storyboard */,
				70C350E81E6807AE00A10D9C /* Info.plist */,
				70C350D71E6807AE00A10D9C /* Supporting Files */,
			);
			path = openredios;
			sourceTree = "<group>";
		};
		70C350D71E6807AE00A10D9C /* Supporting Files */ = {
			isa = PBXGroup;
			children = (
				70C351681E6AAE4500A10D9C /* AFNetworking.h */,
				70C350D81E6807AE00A10D9C /* main.m */,
			);
			name = "Supporting Files";
			sourceTree = "<group>";
		};
		70C351371E6A9AB000A10D9C /* UKit+AFNetworking */ = {
			isa = PBXGroup;
			children = (
				70C351381E6A9D0C00A10D9C /* AFAutoPurgingImageCache.h */,
				70C351391E6A9D0C00A10D9C /* AFAutoPurgingImageCache.m */,
				70C3513A1E6A9D0C00A10D9C /* AFImageDownloader.h */,
				70C3513B1E6A9D0C00A10D9C /* AFImageDownloader.m */,
				70C3513C1E6A9D0C00A10D9C /* AFNetworkActivityIndicatorManager.h */,
				70C3513D1E6A9D0C00A10D9C /* AFNetworkActivityIndicatorManager.m */,
				70C3513E1E6A9D0C00A10D9C /* UIActivityIndicatorView+AFNetworking.h */,
				70C3513F1E6A9D0C00A10D9C /* UIActivityIndicatorView+AFNetworking.m */,
				70C351401E6A9D0C00A10D9C /* UIButton+AFNetworking.h */,
				70C351411E6A9D0C00A10D9C /* UIButton+AFNetworking.m */,
				70C351421E6A9D0C00A10D9C /* UIImage+AFNetworking.h */,
				70C351431E6A9D0C00A10D9C /* UIImageView+AFNetworking.h */,
				70C351441E6A9D0C00A10D9C /* UIImageView+AFNetworking.m */,
				70C351451E6A9D0C00A10D9C /* UIKit+AFNetworking.h */,
				70C351461E6A9D0C00A10D9C /* UIProgressView+AFNetworking.h */,
				70C351471E6A9D0C00A10D9C /* UIProgressView+AFNetworking.m */,
				70C351481E6A9D0C00A10D9C /* UIRefreshControl+AFNetworking.h */,
				70C351491E6A9D0C00A10D9C /* UIRefreshControl+AFNetworking.m */,
				70C3514A1E6A9D0C00A10D9C /* UIWebView+AFNetworking.h */,
				70C3514B1E6A9D0C00A10D9C /* UIWebView+AFNetworking.m */,
			);
			name = "UKit+AFNetworking";
			sourceTree = "<group>";
		};
		70C351551E6AACE600A10D9C /* AFNetworking */ = {
			isa = PBXGroup;
			children = (
				70C351561E6AAD4800A10D9C /* AFHTTPSessionManager.h */,
				70C351571E6AAD4800A10D9C /* AFHTTPSessionManager.m */,
				70C351581E6AAD4800A10D9C /* AFNetworkReachabilityManager.h */,
				70C351591E6AAD4800A10D9C /* AFNetworkReachabilityManager.m */,
				70C3515A1E6AAD4800A10D9C /* AFSecurityPolicy.h */,
				70C3515B1E6AAD4800A10D9C /* AFSecurityPolicy.m */,
				70C3515C1E6AAD4800A10D9C /* AFURLRequestSerialization.h */,
				70C3515D1E6AAD4800A10D9C /* AFURLRequestSerialization.m */,
				70C3515E1E6AAD4800A10D9C /* AFURLResponseSerialization.h */,
				70C3515F1E6AAD4800A10D9C /* AFURLResponseSerialization.m */,
				70C351601E6AAD4800A10D9C /* AFURLSessionManager.h */,
				70C351611E6AAD4800A10D9C /* AFURLSessionManager.m */,
			);
			name = AFNetworking;
			sourceTree = "<group>";
		};
		70C3516B1E6C857400A10D9C /* MJRefresh */ = {
			isa = PBXGroup;
			children = (
				70C3516C1E6C85CF00A10D9C /* Base */,
				70C3516D1E6C85E500A10D9C /* Custom */,
				70C351691E6C847E00A10D9C /* MJRefresh.bundle */,
				70C3516E1E6C860A00A10D9C /* MJRefresh.h */,
				70C3516F1E6C860A00A10D9C /* MJRefreshConst.h */,
				70C351701E6C860A00A10D9C /* MJRefreshConst.m */,
				70C351711E6C860A00A10D9C /* UIScrollView+MJExtension.h */,
				70C351721E6C860A00A10D9C /* UIScrollView+MJExtension.m */,
				70C351731E6C860A00A10D9C /* UIScrollView+MJRefresh.h */,
				70C351741E6C860A00A10D9C /* UIScrollView+MJRefresh.m */,
				70C351751E6C860A00A10D9C /* UIView+MJExtension.h */,
				70C351761E6C860A00A10D9C /* UIView+MJExtension.m */,
				70C351771E6C860A00A10D9C /* NSBundle+MJRefresh.h */,
				70C351781E6C860A00A10D9C /* NSBundle+MJRefresh.m */,
			);
			name = MJRefresh;
			sourceTree = "<group>";
		};
		70C3516C1E6C85CF00A10D9C /* Base */ = {
			isa = PBXGroup;
			children = (
				70C3517E1E6C861B00A10D9C /* MJRefreshAutoFooter.h */,
				70C3517F1E6C861B00A10D9C /* MJRefreshAutoFooter.m */,
				70C351801E6C861B00A10D9C /* MJRefreshBackFooter.h */,
				70C351811E6C861B00A10D9C /* MJRefreshBackFooter.m */,
				70C351821E6C861B00A10D9C /* MJRefreshComponent.h */,
				70C351831E6C861B00A10D9C /* MJRefreshComponent.m */,
				70C351841E6C861B00A10D9C /* MJRefreshFooter.h */,
				70C351851E6C861B00A10D9C /* MJRefreshFooter.m */,
				70C351861E6C861B00A10D9C /* MJRefreshHeader.h */,
				70C351871E6C861B00A10D9C /* MJRefreshHeader.m */,
			);
			name = Base;
			sourceTree = "<group>";
		};
		70C3516D1E6C85E500A10D9C /* Custom */ = {
			isa = PBXGroup;
			children = (
				70C3518D1E6C862E00A10D9C /* Header */,
				70C3518E1E6C863E00A10D9C /* Footer */,
			);
			name = Custom;
			sourceTree = "<group>";
		};
		70C3518D1E6C862E00A10D9C /* Header */ = {
			isa = PBXGroup;
			children = (
				70C351911E6C867D00A10D9C /* MJRefreshGifHeader.h */,
				70C351921E6C867D00A10D9C /* MJRefreshGifHeader.m */,
				70C351931E6C867D00A10D9C /* MJRefreshNormalHeader.h */,
				70C351941E6C867D00A10D9C /* MJRefreshNormalHeader.m */,
				70C351951E6C867D00A10D9C /* MJRefreshStateHeader.h */,
				70C351961E6C867D00A10D9C /* MJRefreshStateHeader.m */,
			);
			name = Header;
			sourceTree = "<group>";
		};
		70C3518E1E6C863E00A10D9C /* Footer */ = {
			isa = PBXGroup;
			children = (
				70C3518F1E6C865400A10D9C /* Auto */,
				70C351901E6C866600A10D9C /* Back */,
			);
			name = Footer;
			sourceTree = "<group>";
		};
		70C3518F1E6C865400A10D9C /* Auto */ = {
			isa = PBXGroup;
			children = (
				70C3519A1E6C868D00A10D9C /* MJRefreshAutoGifFooter.h */,
				70C3519B1E6C868D00A10D9C /* MJRefreshAutoGifFooter.m */,
				70C3519C1E6C868D00A10D9C /* MJRefreshAutoNormalFooter.h */,
				70C3519D1E6C868D00A10D9C /* MJRefreshAutoNormalFooter.m */,
				70C3519E1E6C868D00A10D9C /* MJRefreshAutoStateFooter.h */,
				70C3519F1E6C868D00A10D9C /* MJRefreshAutoStateFooter.m */,
			);
			name = Auto;
			sourceTree = "<group>";
		};
		70C351901E6C866600A10D9C /* Back */ = {
			isa = PBXGroup;
			children = (
				70C351A31E6C869700A10D9C /* MJRefreshBackGifFooter.h */,
				70C351A41E6C869700A10D9C /* MJRefreshBackGifFooter.m */,
				70C351A51E6C869700A10D9C /* MJRefreshBackNormalFooter.h */,
				70C351A61E6C869700A10D9C /* MJRefreshBackNormalFooter.m */,
				70C351A71E6C869700A10D9C /* MJRefreshBackStateFooter.h */,
				70C351A81E6C869700A10D9C /* MJRefreshBackStateFooter.m */,
			);
			name = Back;
			sourceTree = "<group>";
		};
/* End PBXGroup section */

/* Begin PBXNativeTarget section */
		70C350D31E6807AE00A10D9C /* openredios */ = {
			isa = PBXNativeTarget;
			buildConfigurationList = 70C350EB1E6807AE00A10D9C /* Build configuration list for PBXNativeTarget "openredios" */;
			buildPhases = (
				70C350D01E6807AE00A10D9C /* Sources */,
				70C350D11E6807AE00A10D9C /* Frameworks */,
				70C350D21E6807AE00A10D9C /* Resources */,
			);
			buildRules = (
			);
			dependencies = (
			);
			name = openredios;
			productName = openredios;
			productReference = 70C350D41E6807AE00A10D9C /* openredios.app */;
			productType = "com.apple.product-type.application";
		};
/* End PBXNativeTarget section */

/* Begin PBXProject section */
		70C350CC1E6807AE00A10D9C /* Project object */ = {
			isa = PBXProject;
			attributes = {
				LastUpgradeCheck = 0820;
				ORGANIZATIONNAME = "谭卓";
				TargetAttributes = {
					70C350D31E6807AE00A10D9C = {
						CreatedOnToolsVersion = 8.2.1;
						DevelopmentTeam = 6FAFN86H6P;
						ProvisioningStyle = Automatic;
					};
				};
			};
			buildConfigurationList = 70C350CF1E6807AE00A10D9C /* Build configuration list for PBXProject "openredios" */;
			compatibilityVersion = "Xcode 3.2";
			developmentRegion = English;
			hasScannedForEncodings = 0;
			knownRegions = (
				en,
				Base,
			);
			mainGroup = 70C350CB1E6807AE00A10D9C;
			productRefGroup = 70C350D51E6807AE00A10D9C /* Products */;
			projectDirPath = "";
			projectRoot = "";
			targets = (
				70C350D31E6807AE00A10D9C /* openredios */,
			);
		};
/* End PBXProject section */

/* Begin PBXResourcesBuildPhase section */
		70C350D21E6807AE00A10D9C /* Resources */ = {
			isa = PBXResourcesBuildPhase;
			buildActionMask = 2147483647;
			files = (
				70C350E71E6807AE00A10D9C /* LaunchScreen.storyboard in Resources */,
				70C350E41E6807AE00A10D9C /* Assets.xcassets in Resources */,
				70C3516A1E6C847E00A10D9C /* MJRefresh.bundle in Resources */,
				70C350E21E6807AE00A10D9C /* Main.storyboard in Resources */,
			);
			runOnlyForDeploymentPostprocessing = 0;
		};
/* End PBXResourcesBuildPhase section */

/* Begin PBXSourcesBuildPhase section */
		70C350D01E6807AE00A10D9C /* Sources */ = {
			isa = PBXSourcesBuildPhase;
			buildActionMask = 2147483647;
			files = (
				70C350DF1E6807AE00A10D9C /* IAViewController.m in Sources */,
				70C351A01E6C868D00A10D9C /* MJRefreshAutoGifFooter.m in Sources */,
				70C351AB1E6C869700A10D9C /* MJRefreshBackStateFooter.m in Sources */,
				70C350DC1E6807AE00A10D9C /* AppDelegate.m in Sources */,
				70C350F31E6849FB00A10D9C /* IATaskViewController.m in Sources */,
				70C3514C1E6A9D0C00A10D9C /* AFAutoPurgingImageCache.m in Sources */,
				70C3518A1E6C861B00A10D9C /* MJRefreshComponent.m in Sources */,
				70C351521E6A9D0C00A10D9C /* UIProgressView+AFNetworking.m in Sources */,
				70C351971E6C867D00A10D9C /* MJRefreshGifHeader.m in Sources */,
				70C351A21E6C868D00A10D9C /* MJRefreshAutoStateFooter.m in Sources */,
				70C351671E6AAD4800A10D9C /* AFURLSessionManager.m in Sources */,
				70C351891E6C861B00A10D9C /* MJRefreshBackFooter.m in Sources */,
				70C3514E1E6A9D0C00A10D9C /* AFNetworkActivityIndicatorManager.m in Sources */,
				70C351981E6C867D00A10D9C /* MJRefreshNormalHeader.m in Sources */,
				70C3517C1E6C860A00A10D9C /* UIView+MJExtension.m in Sources */,
				70C351631E6AAD4800A10D9C /* AFNetworkReachabilityManager.m in Sources */,
				70C3517A1E6C860A00A10D9C /* UIScrollView+MJExtension.m in Sources */,
				70C3514D1E6A9D0C00A10D9C /* AFImageDownloader.m in Sources */,
				70C351531E6A9D0C00A10D9C /* UIRefreshControl+AFNetworking.m in Sources */,
				70C351661E6AAD4800A10D9C /* AFURLResponseSerialization.m in Sources */,
				70C3517D1E6C860A00A10D9C /* NSBundle+MJRefresh.m in Sources */,
				70C351651E6AAD4800A10D9C /* AFURLRequestSerialization.m in Sources */,
				70C351AA1E6C869700A10D9C /* MJRefreshBackNormalFooter.m in Sources */,
				70C351641E6AAD4800A10D9C /* AFSecurityPolicy.m in Sources */,
				70C351501E6A9D0C00A10D9C /* UIButton+AFNetworking.m in Sources */,
				70C3514F1E6A9D0C00A10D9C /* UIActivityIndicatorView+AFNetworking.m in Sources */,
				70C351991E6C867D00A10D9C /* MJRefreshStateHeader.m in Sources */,
				70C351541E6A9D0C00A10D9C /* UIWebView+AFNetworking.m in Sources */,
				70C350F01E68491C00A10D9C /* IANewTaskViewController.m in Sources */,
				70C351A11E6C868D00A10D9C /* MJRefreshAutoNormalFooter.m in Sources */,
				70C351A91E6C869700A10D9C /* MJRefreshBackGifFooter.m in Sources */,
				70C3518B1E6C861B00A10D9C /* MJRefreshFooter.m in Sources */,
				70C3517B1E6C860A00A10D9C /* UIScrollView+MJRefresh.m in Sources */,
				70C351791E6C860A00A10D9C /* MJRefreshConst.m in Sources */,
				70C3518C1E6C861B00A10D9C /* MJRefreshHeader.m in Sources */,
				70C351881E6C861B00A10D9C /* MJRefreshAutoFooter.m in Sources */,
				70C351621E6AAD4800A10D9C /* AFHTTPSessionManager.m in Sources */,
				70C351511E6A9D0C00A10D9C /* UIImageView+AFNetworking.m in Sources */,
				70C350D91E6807AE00A10D9C /* main.m in Sources */,
			);
			runOnlyForDeploymentPostprocessing = 0;
		};
/* End PBXSourcesBuildPhase section */

/* Begin PBXVariantGroup section */
		70C350E01E6807AE00A10D9C /* Main.storyboard */ = {
			isa = PBXVariantGroup;
			children = (
				70C350E11E6807AE00A10D9C /* Base */,
			);
			name = Main.storyboard;
			sourceTree = "<group>";
		};
		70C350E51E6807AE00A10D9C /* LaunchScreen.storyboard */ = {
			isa = PBXVariantGroup;
			children = (
				70C350E61E6807AE00A10D9C /* Base */,
			);
			name = LaunchScreen.storyboard;
			sourceTree = "<group>";
		};
/* End PBXVariantGroup section */

/* Begin XCBuildConfiguration section */
		70C350E91E6807AE00A10D9C /* Debug */ = {
			isa = XCBuildConfiguration;
			buildSettings = {
				ALWAYS_SEARCH_USER_PATHS = NO;
				CLANG_ANALYZER_NONNULL = YES;
				CLANG_CXX_LANGUAGE_STANDARD = "gnu++0x";
				CLANG_CXX_LIBRARY = "libc++";
				CLANG_ENABLE_MODULES = YES;
				CLANG_ENABLE_OBJC_ARC = YES;
				CLANG_WARN_BOOL_CONVERSION = YES;
				CLANG_WARN_CONSTANT_CONVERSION = YES;
				CLANG_WARN_DIRECT_OBJC_ISA_USAGE = YES_ERROR;
				CLANG_WARN_DOCUMENTATION_COMMENTS = YES;
				CLANG_WARN_EMPTY_BODY = YES;
				CLANG_WARN_ENUM_CONVERSION = YES;
				CLANG_WARN_INFINITE_RECURSION = YES;
				CLANG_WARN_INT_CONVERSION = YES;
				CLANG_WARN_OBJC_ROOT_CLASS = YES_ERROR;
				CLANG_WARN_SUSPICIOUS_MOVE = YES;
				CLANG_WARN_UNREACHABLE_CODE = YES;
				CLANG_WARN__DUPLICATE_METHOD_MATCH = YES;
				"CODE_SIGN_IDENTITY[sdk=iphoneos*]" = "iPhone Developer";
				COPY_PHASE_STRIP = NO;
				DEBUG_INFORMATION_FORMAT = dwarf;
				ENABLE_STRICT_OBJC_MSGSEND = YES;
				ENABLE_TESTABILITY = YES;
				GCC_C_LANGUAGE_STANDARD = gnu99;
				GCC_DYNAMIC_NO_PIC = NO;
				GCC_NO_COMMON_BLOCKS = YES;
				GCC_OPTIMIZATION_LEVEL = 0;
				GCC_PREPROCESSOR_DEFINITIONS = (
					"DEBUG=1",
					"$(inherited)",
				);
				GCC_WARN_64_TO_32_BIT_CONVERSION = YES;
				GCC_WARN_ABOUT_RETURN_TYPE = YES_ERROR;
				GCC_WARN_UNDECLARED_SELECTOR = YES;
				GCC_WARN_UNINITIALIZED_AUTOS = YES_AGGRESSIVE;
				GCC_WARN_UNUSED_FUNCTION = YES;
				GCC_WARN_UNUSED_VARIABLE = YES;
				IPHONEOS_DEPLOYMENT_TARGET = 10.2;
				MTL_ENABLE_DEBUG_INFO = YES;
				ONLY_ACTIVE_ARCH = YES;
				SDKROOT = iphoneos;
			};
			name = Debug;
		};
		70C350EA1E6807AE00A10D9C /* Release */ = {
			isa = XCBuildConfiguration;
			buildSettings = {
				ALWAYS_SEARCH_USER_PATHS = NO;
				CLANG_ANALYZER_NONNULL = YES;
				CLANG_CXX_LANGUAGE_STANDARD = "gnu++0x";
				CLANG_CXX_LIBRARY = "libc++";
				CLANG_ENABLE_MODULES = YES;
				CLANG_ENABLE_OBJC_ARC = YES;
				CLANG_WARN_BOOL_CONVERSION = YES;
				CLANG_WARN_CONSTANT_CONVERSION = YES;
				CLANG_WARN_DIRECT_OBJC_ISA_USAGE = YES_ERROR;
				CLANG_WARN_DOCUMENTATION_COMMENTS = YES;
				CLANG_WARN_EMPTY_BODY = YES;
				CLANG_WARN_ENUM_CONVERSION = YES;
				CLANG_WARN_INFINITE_RECURSION = YES;
				CLANG_WARN_INT_CONVERSION = YES;
				CLANG_WARN_OBJC_ROOT_CLASS = YES_ERROR;
				CLANG_WARN_SUSPICIOUS_MOVE = YES;
				CLANG_WARN_UNREACHABLE_CODE = YES;
				CLANG_WARN__DUPLICATE_METHOD_MATCH = YES;
				"CODE_SIGN_IDENTITY[sdk=iphoneos*]" = "iPhone Developer";
				COPY_PHASE_STRIP = NO;
				DEBUG_INFORMATION_FORMAT = "dwarf-with-dsym";
				ENABLE_NS_ASSERTIONS = NO;
				ENABLE_STRICT_OBJC_MSGSEND = YES;
				GCC_C_LANGUAGE_STANDARD = gnu99;
				GCC_NO_COMMON_BLOCKS = YES;
				GCC_WARN_64_TO_32_BIT_CONVERSION = YES;
				GCC_WARN_ABOUT_RETURN_TYPE = YES_ERROR;
				GCC_WARN_UNDECLARED_SELECTOR = YES;
				GCC_WARN_UNINITIALIZED_AUTOS = YES_AGGRESSIVE;
				GCC_WARN_UNUSED_FUNCTION = YES;
				GCC_WARN_UNUSED_VARIABLE = YES;
				IPHONEOS_DEPLOYMENT_TARGET = 10.2;
				MTL_ENABLE_DEBUG_INFO = NO;
				SDKROOT = iphoneos;
				VALIDATE_PRODUCT = YES;
			};
			name = Release;
		};
		70C350EC1E6807AE00A10D9C /* Debug */ = {
			isa = XCBuildConfiguration;
			buildSettings = {
				ASSETCATALOG_COMPILER_APPICON_NAME = AppIcon;
				DEVELOPMENT_TEAM = 6FAFN86H6P;
				INFOPLIST_FILE = openredios/Info.plist;
				LD_RUNPATH_SEARCH_PATHS = "$(inherited) @executable_path/Frameworks";
				PRODUCT_BUNDLE_IDENTIFIER = com.rednum.icelight.openredios;
				PRODUCT_NAME = "$(TARGET_NAME)";
			};
			name = Debug;
		};
		70C350ED1E6807AE00A10D9C /* Release */ = {
			isa = XCBuildConfiguration;
			buildSettings = {
				ASSETCATALOG_COMPILER_APPICON_NAME = AppIcon;
				DEVELOPMENT_TEAM = 6FAFN86H6P;
				INFOPLIST_FILE = openredios/Info.plist;
				LD_RUNPATH_SEARCH_PATHS = "$(inherited) @executable_path/Frameworks";
				PRODUCT_BUNDLE_IDENTIFIER = com.rednum.icelight.openredios;
				PRODUCT_NAME = "$(TARGET_NAME)";
			};
			name = Release;
		};
/* End XCBuildConfiguration section */

/* Begin XCConfigurationList section */
		70C350CF1E6807AE00A10D9C /* Build configuration list for PBXProject "openredios" */ = {
			isa = XCConfigurationList;
			buildConfigurations = (
				70C350E91E6807AE00A10D9C /* Debug */,
				70C350EA1E6807AE00A10D9C /* Release */,
			);
			defaultConfigurationIsVisible = 0;
			defaultConfigurationName = Release;
		};
		70C350EB1E6807AE00A10D9C /* Build configuration list for PBXNativeTarget "openredios" */ = {
			isa = XCConfigurationList;
			buildConfigurations = (
				70C350EC1E6807AE00A10D9C /* Debug */,
				70C350ED1E6807AE00A10D9C /* Release */,
			);
			defaultConfigurationIsVisible = 0;
			defaultConfigurationName = Release;
		};
/* End XCConfigurationList section */
	};
	rootObject = 70C350CC1E6807AE00A10D9C /* Project object */;
}
